
Microsoft Visual Studio Solution File, Format Version 12.00
# Visual Studio 14
VisualStudioVersion = 14.0.25420.1
MinimumVisualStudioVersion = 10.0.40219.1
Project("{8BC9CEB8-8B4A-11D0-8D11-00A0C91BC942}") = "Service", "Service\Service.vcxproj", "{F0CB059E-CC44-49C0-9E93-FCBEF4E099D0}"
	ProjectSection(ProjectDependencies) = postProject
		{F06B7CFD-69B6-4FA3-A203-E33A0D8DE619} = {F06B7CFD-69B6-4FA3-A203-E33A0D8DE619}
	EndProjectSection
EndProject
Project("{8BC9CEB8-8B4A-11D0-8D11-00A0C91BC942}") = "FunctionPublishing", "..\y3d_max\newm\functionpublishing\simplefp\fp_basics.vcxproj", "{749F7777-A940-4B9E-9FD3-EA0C407950C7}"
EndProject
Project("{8BC9CEB8-8B4A-11D0-8D11-00A0C91BC942}") = "ServiceImpl", "ServiceImpl\ServiceImpl.vcxproj", "{F06B7CFD-69B6-4FA3-A203-E33A0D8DE619}"
EndProject
Project("{8BC9CEB8-8B4A-11D0-8D11-00A0C91BC942}") = "LoaderCmd", "LoaderCmd\LoaderCmd.vcxproj", "{50A337F0-1395-40AF-AD1A-8E94060DCD16}"
EndProject
Project("{FAE04EC0-301F-11D3-BF4B-00C04F79EFBC}") = "Y3D", "Y3D\Y3D.csproj", "{F9270B31-6DFE-483E-967E-275CE349A89C}"
EndProject
Project("{FAE04EC0-301F-11D3-BF4B-00C04F79EFBC}") = "Y3D.Entities", "Y3D.Entities\Y3D.Entities.csproj", "{B7A4050C-DC6C-416A-9989-03744498E8C2}"
EndProject
Project("{FAE04EC0-301F-11D3-BF4B-00C04F79EFBC}") = "YMasterServer", "YMasterServer\YMasterServer.csproj", "{1FC22452-220D-4C60-86DD-F68C7200E093}"
EndProject
Project("{FAE04EC0-301F-11D3-BF4B-00C04F79EFBC}") = "YMaxServer", "YMaxServer\YMaxServer.csproj", "{992E8399-C855-41FB-AC77-0D6E01106FE5}"
EndProject
Project("{8BC9CEB8-8B4A-11D0-8D11-00A0C91BC942}") = "LogClient", "LogClient\LogClient.vcxproj", "{7054621D-5170-4901-B843-D57EBF9CC889}"
EndProject
Project("{FAE04EC0-301F-11D3-BF4B-00C04F79EFBC}") = "LogClientCSharp", "LogClientCSharp\LogClientCSharp.csproj", "{8DD8543A-5AD0-474C-8B98-5B1986F67D44}"
EndProject
Project("{8BC9CEB8-8B4A-11D0-8D11-00A0C91BC942}") = "LogServer", "LogServer\LogServer.vcxproj", "{F4BEA3BC-07B7-4421-89B2-478CE56A8E49}"
EndProject
Project("{8BC9CEB8-8B4A-11D0-8D11-00A0C91BC942}") = "GrpcClient", "GrpcClient\GrpcClient.vcxproj", "{3A479FDD-B95B-4416-AB35-451FBEB2318D}"
	ProjectSection(ProjectDependencies) = postProject
		{A81116D2-ACAE-4289-B7CA-1A1E0CB212C0} = {A81116D2-ACAE-4289-B7CA-1A1E0CB212C0}
	EndProjectSection
EndProject
Project("{FAE04EC0-301F-11D3-BF4B-00C04F79EFBC}") = "Y3DX", "Y3DX\Y3DX.csproj", "{5511660C-2767-4C82-98CC-74C6B4A11423}"
EndProject
Project("{FAE04EC0-301F-11D3-BF4B-00C04F79EFBC}") = "YFlow", "YFlow\YFlow.csproj", "{AB7B6E43-EA59-4D50-910D-38DF5DE0027F}"
EndProject
Project("{8BC9CEB8-8B4A-11D0-8D11-00A0C91BC942}") = "grpc_dll", "grpc_dll\grpc_dll.vcxproj", "{A81116D2-ACAE-4289-B7CA-1A1E0CB212C0}"
EndProject
Global
	GlobalSection(SolutionConfigurationPlatforms) = preSolution
		Debug|Any CPU = Debug|Any CPU
		Debug|x64 = Debug|x64
		Debug|x86 = Debug|x86
		Hybrid|Any CPU = Hybrid|Any CPU
		Hybrid|x64 = Hybrid|x64
		Hybrid|x86 = Hybrid|x86
		Release|Any CPU = Release|Any CPU
		Release|x64 = Release|x64
		Release|x86 = Release|x86
	EndGlobalSection
	GlobalSection(ProjectConfigurationPlatforms) = postSolution
		{F0CB059E-CC44-49C0-9E93-FCBEF4E099D0}.Debug|Any CPU.ActiveCfg = Debug|x64
		{F0CB059E-CC44-49C0-9E93-FCBEF4E099D0}.Debug|x64.ActiveCfg = Debug|x64
		{F0CB059E-CC44-49C0-9E93-FCBEF4E099D0}.Debug|x64.Build.0 = Debug|x64
		{F0CB059E-CC44-49C0-9E93-FCBEF4E099D0}.Debug|x86.ActiveCfg = Debug|x64
		{F0CB059E-CC44-49C0-9E93-FCBEF4E099D0}.Hybrid|Any CPU.ActiveCfg = Hybrid|x64
		{F0CB059E-CC44-49C0-9E93-FCBEF4E099D0}.Hybrid|x64.ActiveCfg = Release|x64
		{F0CB059E-CC44-49C0-9E93-FCBEF4E099D0}.Hybrid|x64.Build.0 = Release|x64
		{F0CB059E-CC44-49C0-9E93-FCBEF4E099D0}.Hybrid|x86.ActiveCfg = Hybrid|x64
		{F0CB059E-CC44-49C0-9E93-FCBEF4E099D0}.Release|Any CPU.ActiveCfg = Release|x64
		{F0CB059E-CC44-49C0-9E93-FCBEF4E099D0}.Release|x64.ActiveCfg = Release|x64
		{F0CB059E-CC44-49C0-9E93-FCBEF4E099D0}.Release|x64.Build.0 = Release|x64
		{F0CB059E-CC44-49C0-9E93-FCBEF4E099D0}.Release|x86.ActiveCfg = Release|x64
		{749F7777-A940-4B9E-9FD3-EA0C407950C7}.Debug|Any CPU.ActiveCfg = Debug|Win32
		{749F7777-A940-4B9E-9FD3-EA0C407950C7}.Debug|x64.ActiveCfg = Debug|x64
		{749F7777-A940-4B9E-9FD3-EA0C407950C7}.Debug|x64.Build.0 = Debug|x64
		{749F7777-A940-4B9E-9FD3-EA0C407950C7}.Debug|x86.ActiveCfg = Debug|Win32
		{749F7777-A940-4B9E-9FD3-EA0C407950C7}.Debug|x86.Build.0 = Debug|Win32
		{749F7777-A940-4B9E-9FD3-EA0C407950C7}.Hybrid|Any CPU.ActiveCfg = Hybrid|Win32
		{749F7777-A940-4B9E-9FD3-EA0C407950C7}.Hybrid|x64.ActiveCfg = Release|x64
		{749F7777-A940-4B9E-9FD3-EA0C407950C7}.Hybrid|x64.Build.0 = Release|x64
		{749F7777-A940-4B9E-9FD3-EA0C407950C7}.Hybrid|x86.ActiveCfg = Hybrid|Win32
		{749F7777-A940-4B9E-9FD3-EA0C407950C7}.Hybrid|x86.Build.0 = Hybrid|Win32
		{749F7777-A940-4B9E-9FD3-EA0C407950C7}.Release|Any CPU.ActiveCfg = Release|Win32
		{749F7777-A940-4B9E-9FD3-EA0C407950C7}.Release|x64.ActiveCfg = Release|x64
		{749F7777-A940-4B9E-9FD3-EA0C407950C7}.Release|x64.Build.0 = Release|x64
		{749F7777-A940-4B9E-9FD3-EA0C407950C7}.Release|x86.ActiveCfg = Release|Win32
		{749F7777-A940-4B9E-9FD3-EA0C407950C7}.Release|x86.Build.0 = Release|Win32
		{F06B7CFD-69B6-4FA3-A203-E33A0D8DE619}.Debug|Any CPU.ActiveCfg = Debug|x64
		{F06B7CFD-69B6-4FA3-A203-E33A0D8DE619}.Debug|x64.ActiveCfg = Debug|x64
		{F06B7CFD-69B6-4FA3-A203-E33A0D8DE619}.Debug|x64.Build.0 = Debug|x64
		{F06B7CFD-69B6-4FA3-A203-E33A0D8DE619}.Debug|x86.ActiveCfg = Debug|x64
		{F06B7CFD-69B6-4FA3-A203-E33A0D8DE619}.Hybrid|Any CPU.ActiveCfg = Hybrid|x64
		{F06B7CFD-69B6-4FA3-A203-E33A0D8DE619}.Hybrid|x64.ActiveCfg = Release|x64
		{F06B7CFD-69B6-4FA3-A203-E33A0D8DE619}.Hybrid|x64.Build.0 = Release|x64
		{F06B7CFD-69B6-4FA3-A203-E33A0D8DE619}.Hybrid|x86.ActiveCfg = Hybrid|x64
		{F06B7CFD-69B6-4FA3-A203-E33A0D8DE619}.Release|Any CPU.ActiveCfg = Release|x64
		{F06B7CFD-69B6-4FA3-A203-E33A0D8DE619}.Release|x64.ActiveCfg = Release|x64
		{F06B7CFD-69B6-4FA3-A203-E33A0D8DE619}.Release|x64.Build.0 = Release|x64
		{F06B7CFD-69B6-4FA3-A203-E33A0D8DE619}.Release|x86.ActiveCfg = Release|x64
		{50A337F0-1395-40AF-AD1A-8E94060DCD16}.Debug|Any CPU.ActiveCfg = Debug|Win32
		{50A337F0-1395-40AF-AD1A-8E94060DCD16}.Debug|x64.ActiveCfg = Debug|x64
		{50A337F0-1395-40AF-AD1A-8E94060DCD16}.Debug|x64.Build.0 = Debug|x64
		{50A337F0-1395-40AF-AD1A-8E94060DCD16}.Debug|x86.ActiveCfg = Debug|Win32
		{50A337F0-1395-40AF-AD1A-8E94060DCD16}.Debug|x86.Build.0 = Debug|Win32
		{50A337F0-1395-40AF-AD1A-8E94060DCD16}.Hybrid|Any CPU.ActiveCfg = Release|x64
		{50A337F0-1395-40AF-AD1A-8E94060DCD16}.Hybrid|Any CPU.Build.0 = Release|x64
		{50A337F0-1395-40AF-AD1A-8E94060DCD16}.Hybrid|x64.ActiveCfg = Release|x64
		{50A337F0-1395-40AF-AD1A-8E94060DCD16}.Hybrid|x64.Build.0 = Release|x64
		{50A337F0-1395-40AF-AD1A-8E94060DCD16}.Hybrid|x86.ActiveCfg = Release|Win32
		{50A337F0-1395-40AF-AD1A-8E94060DCD16}.Hybrid|x86.Build.0 = Release|Win32
		{50A337F0-1395-40AF-AD1A-8E94060DCD16}.Release|Any CPU.ActiveCfg = Release|Win32
		{50A337F0-1395-40AF-AD1A-8E94060DCD16}.Release|x64.ActiveCfg = Release|x64
		{50A337F0-1395-40AF-AD1A-8E94060DCD16}.Release|x64.Build.0 = Release|x64
		{50A337F0-1395-40AF-AD1A-8E94060DCD16}.Release|x86.ActiveCfg = Release|Win32
		{50A337F0-1395-40AF-AD1A-8E94060DCD16}.Release|x86.Build.0 = Release|Win32
		{F9270B31-6DFE-483E-967E-275CE349A89C}.Debug|Any CPU.ActiveCfg = Debug|Any CPU
		{F9270B31-6DFE-483E-967E-275CE349A89C}.Debug|Any CPU.Build.0 = Debug|Any CPU
		{F9270B31-6DFE-483E-967E-275CE349A89C}.Debug|x64.ActiveCfg = Debug|Any CPU
		{F9270B31-6DFE-483E-967E-275CE349A89C}.Debug|x64.Build.0 = Debug|Any CPU
		{F9270B31-6DFE-483E-967E-275CE349A89C}.Debug|x86.ActiveCfg = Debug|Any CPU
		{F9270B31-6DFE-483E-967E-275CE349A89C}.Debug|x86.Build.0 = Debug|Any CPU
		{F9270B31-6DFE-483E-967E-275CE349A89C}.Hybrid|Any CPU.ActiveCfg = Release|Any CPU
		{F9270B31-6DFE-483E-967E-275CE349A89C}.Hybrid|Any CPU.Build.0 = Release|Any CPU
		{F9270B31-6DFE-483E-967E-275CE349A89C}.Hybrid|x64.ActiveCfg = Release|Any CPU
		{F9270B31-6DFE-483E-967E-275CE349A89C}.Hybrid|x64.Build.0 = Release|Any CPU
		{F9270B31-6DFE-483E-967E-275CE349A89C}.Hybrid|x86.ActiveCfg = Release|Any CPU
		{F9270B31-6DFE-483E-967E-275CE349A89C}.Hybrid|x86.Build.0 = Release|Any CPU
		{F9270B31-6DFE-483E-967E-275CE349A89C}.Release|Any CPU.ActiveCfg = Release|Any CPU
		{F9270B31-6DFE-483E-967E-275CE349A89C}.Release|Any CPU.Build.0 = Release|Any CPU
		{F9270B31-6DFE-483E-967E-275CE349A89C}.Release|x64.ActiveCfg = Release|Any CPU
		{F9270B31-6DFE-483E-967E-275CE349A89C}.Release|x64.Build.0 = Release|Any CPU
		{F9270B31-6DFE-483E-967E-275CE349A89C}.Release|x86.ActiveCfg = Release|Any CPU
		{F9270B31-6DFE-483E-967E-275CE349A89C}.Release|x86.Build.0 = Release|Any CPU
		{B7A4050C-DC6C-416A-9989-03744498E8C2}.Debug|Any CPU.ActiveCfg = Debug|Any CPU
		{B7A4050C-DC6C-416A-9989-03744498E8C2}.Debug|Any CPU.Build.0 = Debug|Any CPU
		{B7A4050C-DC6C-416A-9989-03744498E8C2}.Debug|x64.ActiveCfg = Debug|Any CPU
		{B7A4050C-DC6C-416A-9989-03744498E8C2}.Debug|x64.Build.0 = Debug|Any CPU
		{B7A4050C-DC6C-416A-9989-03744498E8C2}.Debug|x86.ActiveCfg = Debug|Any CPU
		{B7A4050C-DC6C-416A-9989-03744498E8C2}.Debug|x86.Build.0 = Debug|Any CPU
		{B7A4050C-DC6C-416A-9989-03744498E8C2}.Hybrid|Any CPU.ActiveCfg = Release|Any CPU
		{B7A4050C-DC6C-416A-9989-03744498E8C2}.Hybrid|Any CPU.Build.0 = Release|Any CPU
		{B7A4050C-DC6C-416A-9989-03744498E8C2}.Hybrid|x64.ActiveCfg = Release|Any CPU
		{B7A4050C-DC6C-416A-9989-03744498E8C2}.Hybrid|x64.Build.0 = Release|Any CPU
		{B7A4050C-DC6C-416A-9989-03744498E8C2}.Hybrid|x86.ActiveCfg = Release|Any CPU
		{B7A4050C-DC6C-416A-9989-03744498E8C2}.Hybrid|x86.Build.0 = Release|Any CPU
		{B7A4050C-DC6C-416A-9989-03744498E8C2}.Release|Any CPU.ActiveCfg = Release|Any CPU
		{B7A4050C-DC6C-416A-9989-03744498E8C2}.Release|Any CPU.Build.0 = Release|Any CPU
		{B7A4050C-DC6C-416A-9989-03744498E8C2}.Release|x64.ActiveCfg = Release|Any CPU
		{B7A4050C-DC6C-416A-9989-03744498E8C2}.Release|x64.Build.0 = Release|Any CPU
		{B7A4050C-DC6C-416A-9989-03744498E8C2}.Release|x86.ActiveCfg = Release|Any CPU
		{B7A4050C-DC6C-416A-9989-03744498E8C2}.Release|x86.Build.0 = Release|Any CPU
		{1FC22452-220D-4C60-86DD-F68C7200E093}.Debug|Any CPU.ActiveCfg = Debug|Any CPU
		{1FC22452-220D-4C60-86DD-F68C7200E093}.Debug|Any CPU.Build.0 = Debug|Any CPU
		{1FC22452-220D-4C60-86DD-F68C7200E093}.Debug|x64.ActiveCfg = Debug|Any CPU
		{1FC22452-220D-4C60-86DD-F68C7200E093}.Debug|x64.Build.0 = Debug|Any CPU
		{1FC22452-220D-4C60-86DD-F68C7200E093}.Debug|x86.ActiveCfg = Debug|Any CPU
		{1FC22452-220D-4C60-86DD-F68C7200E093}.Debug|x86.Build.0 = Debug|Any CPU
		{1FC22452-220D-4C60-86DD-F68C7200E093}.Hybrid|Any CPU.ActiveCfg = Release|Any CPU
		{1FC22452-220D-4C60-86DD-F68C7200E093}.Hybrid|Any CPU.Build.0 = Release|Any CPU
		{1FC22452-220D-4C60-86DD-F68C7200E093}.Hybrid|x64.ActiveCfg = Release|Any CPU
		{1FC22452-220D-4C60-86DD-F68C7200E093}.Hybrid|x64.Build.0 = Release|Any CPU
		{1FC22452-220D-4C60-86DD-F68C7200E093}.Hybrid|x86.ActiveCfg = Release|Any CPU
		{1FC22452-220D-4C60-86DD-F68C7200E093}.Hybrid|x86.Build.0 = Release|Any CPU
		{1FC22452-220D-4C60-86DD-F68C7200E093}.Release|Any CPU.ActiveCfg = Release|Any CPU
		{1FC22452-220D-4C60-86DD-F68C7200E093}.Release|Any CPU.Build.0 = Release|Any CPU
		{1FC22452-220D-4C60-86DD-F68C7200E093}.Release|x64.ActiveCfg = Release|Any CPU
		{1FC22452-220D-4C60-86DD-F68C7200E093}.Release|x64.Build.0 = Release|Any CPU
		{1FC22452-220D-4C60-86DD-F68C7200E093}.Release|x86.ActiveCfg = Release|Any CPU
		{1FC22452-220D-4C60-86DD-F68C7200E093}.Release|x86.Build.0 = Release|Any CPU
		{992E8399-C855-41FB-AC77-0D6E01106FE5}.Debug|Any CPU.ActiveCfg = Debug|Any CPU
		{992E8399-C855-41FB-AC77-0D6E01106FE5}.Debug|Any CPU.Build.0 = Debug|Any CPU
		{992E8399-C855-41FB-AC77-0D6E01106FE5}.Debug|x64.ActiveCfg = Debug|Any CPU
		{992E8399-C855-41FB-AC77-0D6E01106FE5}.Debug|x64.Build.0 = Debug|Any CPU
		{992E8399-C855-41FB-AC77-0D6E01106FE5}.Debug|x86.ActiveCfg = Debug|Any CPU
		{992E8399-C855-41FB-AC77-0D6E01106FE5}.Debug|x86.Build.0 = Debug|Any CPU
		{992E8399-C855-41FB-AC77-0D6E01106FE5}.Hybrid|Any CPU.ActiveCfg = Release|Any CPU
		{992E8399-C855-41FB-AC77-0D6E01106FE5}.Hybrid|Any CPU.Build.0 = Release|Any CPU
		{992E8399-C855-41FB-AC77-0D6E01106FE5}.Hybrid|x64.ActiveCfg = Release|Any CPU
		{992E8399-C855-41FB-AC77-0D6E01106FE5}.Hybrid|x64.Build.0 = Release|Any CPU
		{992E8399-C855-41FB-AC77-0D6E01106FE5}.Hybrid|x86.ActiveCfg = Release|Any CPU
		{992E8399-C855-41FB-AC77-0D6E01106FE5}.Hybrid|x86.Build.0 = Release|Any CPU
		{992E8399-C855-41FB-AC77-0D6E01106FE5}.Release|Any CPU.ActiveCfg = Release|Any CPU
		{992E8399-C855-41FB-AC77-0D6E01106FE5}.Release|Any CPU.Build.0 = Release|Any CPU
		{992E8399-C855-41FB-AC77-0D6E01106FE5}.Release|x64.ActiveCfg = Release|Any CPU
		{992E8399-C855-41FB-AC77-0D6E01106FE5}.Release|x64.Build.0 = Release|Any CPU
		{992E8399-C855-41FB-AC77-0D6E01106FE5}.Release|x86.ActiveCfg = Release|Any CPU
		{992E8399-C855-41FB-AC77-0D6E01106FE5}.Release|x86.Build.0 = Release|Any CPU
		{7054621D-5170-4901-B843-D57EBF9CC889}.Debug|Any CPU.ActiveCfg = Debug|Win32
		{7054621D-5170-4901-B843-D57EBF9CC889}.Debug|x64.ActiveCfg = Debug|x64
		{7054621D-5170-4901-B843-D57EBF9CC889}.Debug|x64.Build.0 = Debug|x64
		{7054621D-5170-4901-B843-D57EBF9CC889}.Debug|x86.ActiveCfg = Debug|Win32
		{7054621D-5170-4901-B843-D57EBF9CC889}.Debug|x86.Build.0 = Debug|Win32
		{7054621D-5170-4901-B843-D57EBF9CC889}.Hybrid|Any CPU.ActiveCfg = Release|x64
		{7054621D-5170-4901-B843-D57EBF9CC889}.Hybrid|Any CPU.Build.0 = Release|x64
		{7054621D-5170-4901-B843-D57EBF9CC889}.Hybrid|x64.ActiveCfg = Release|x64
		{7054621D-5170-4901-B843-D57EBF9CC889}.Hybrid|x64.Build.0 = Release|x64
		{7054621D-5170-4901-B843-D57EBF9CC889}.Hybrid|x86.ActiveCfg = Release|Win32
		{7054621D-5170-4901-B843-D57EBF9CC889}.Hybrid|x86.Build.0 = Release|Win32
		{7054621D-5170-4901-B843-D57EBF9CC889}.Release|Any CPU.ActiveCfg = Release|Win32
		{7054621D-5170-4901-B843-D57EBF9CC889}.Release|x64.ActiveCfg = Release|x64
		{7054621D-5170-4901-B843-D57EBF9CC889}.Release|x64.Build.0 = Release|x64
		{7054621D-5170-4901-B843-D57EBF9CC889}.Release|x86.ActiveCfg = Release|Win32
		{7054621D-5170-4901-B843-D57EBF9CC889}.Release|x86.Build.0 = Release|Win32
		{8DD8543A-5AD0-474C-8B98-5B1986F67D44}.Debug|Any CPU.ActiveCfg = Debug|Any CPU
		{8DD8543A-5AD0-474C-8B98-5B1986F67D44}.Debug|Any CPU.Build.0 = Debug|Any CPU
		{8DD8543A-5AD0-474C-8B98-5B1986F67D44}.Debug|x64.ActiveCfg = Debug|Any CPU
		{8DD8543A-5AD0-474C-8B98-5B1986F67D44}.Debug|x64.Build.0 = Debug|Any CPU
		{8DD8543A-5AD0-474C-8B98-5B1986F67D44}.Debug|x86.ActiveCfg = Debug|Any CPU
		{8DD8543A-5AD0-474C-8B98-5B1986F67D44}.Debug|x86.Build.0 = Debug|Any CPU
		{8DD8543A-5AD0-474C-8B98-5B1986F67D44}.Hybrid|Any CPU.ActiveCfg = Release|Any CPU
		{8DD8543A-5AD0-474C-8B98-5B1986F67D44}.Hybrid|Any CPU.Build.0 = Release|Any CPU
		{8DD8543A-5AD0-474C-8B98-5B1986F67D44}.Hybrid|x64.ActiveCfg = Release|Any CPU
		{8DD8543A-5AD0-474C-8B98-5B1986F67D44}.Hybrid|x64.Build.0 = Release|Any CPU
		{8DD8543A-5AD0-474C-8B98-5B1986F67D44}.Hybrid|x86.ActiveCfg = Release|Any CPU
		{8DD8543A-5AD0-474C-8B98-5B1986F67D44}.Hybrid|x86.Build.0 = Release|Any CPU
		{8DD8543A-5AD0-474C-8B98-5B1986F67D44}.Release|Any CPU.ActiveCfg = Release|Any CPU
		{8DD8543A-5AD0-474C-8B98-5B1986F67D44}.Release|Any CPU.Build.0 = Release|Any CPU
		{8DD8543A-5AD0-474C-8B98-5B1986F67D44}.Release|x64.ActiveCfg = Release|Any CPU
		{8DD8543A-5AD0-474C-8B98-5B1986F67D44}.Release|x64.Build.0 = Release|Any CPU
		{8DD8543A-5AD0-474C-8B98-5B1986F67D44}.Release|x86.ActiveCfg = Release|Any CPU
		{8DD8543A-5AD0-474C-8B98-5B1986F67D44}.Release|x86.Build.0 = Release|Any CPU
		{F4BEA3BC-07B7-4421-89B2-478CE56A8E49}.Debug|Any CPU.ActiveCfg = Debug|Win32
		{F4BEA3BC-07B7-4421-89B2-478CE56A8E49}.Debug|x64.ActiveCfg = Debug|x64
		{F4BEA3BC-07B7-4421-89B2-478CE56A8E49}.Debug|x64.Build.0 = Debug|x64
		{F4BEA3BC-07B7-4421-89B2-478CE56A8E49}.Debug|x86.ActiveCfg = Debug|Win32
		{F4BEA3BC-07B7-4421-89B2-478CE56A8E49}.Debug|x86.Build.0 = Debug|Win32
		{F4BEA3BC-07B7-4421-89B2-478CE56A8E49}.Hybrid|Any CPU.ActiveCfg = Release|x64
		{F4BEA3BC-07B7-4421-89B2-478CE56A8E49}.Hybrid|Any CPU.Build.0 = Release|x64
		{F4BEA3BC-07B7-4421-89B2-478CE56A8E49}.Hybrid|x64.ActiveCfg = Release|x64
		{F4BEA3BC-07B7-4421-89B2-478CE56A8E49}.Hybrid|x64.Build.0 = Release|x64
		{F4BEA3BC-07B7-4421-89B2-478CE56A8E49}.Hybrid|x86.ActiveCfg = Release|Win32
		{F4BEA3BC-07B7-4421-89B2-478CE56A8E49}.Hybrid|x86.Build.0 = Release|Win32
		{F4BEA3BC-07B7-4421-89B2-478CE56A8E49}.Release|Any CPU.ActiveCfg = Release|Win32
		{F4BEA3BC-07B7-4421-89B2-478CE56A8E49}.Release|x64.ActiveCfg = Release|x64
		{F4BEA3BC-07B7-4421-89B2-478CE56A8E49}.Release|x64.Build.0 = Release|x64
		{F4BEA3BC-07B7-4421-89B2-478CE56A8E49}.Release|x86.ActiveCfg = Release|Win32
		{F4BEA3BC-07B7-4421-89B2-478CE56A8E49}.Release|x86.Build.0 = Release|Win32
		{3A479FDD-B95B-4416-AB35-451FBEB2318D}.Debug|Any CPU.ActiveCfg = Debug|Win32
		{3A479FDD-B95B-4416-AB35-451FBEB2318D}.Debug|x64.ActiveCfg = Debug|x64
		{3A479FDD-B95B-4416-AB35-451FBEB2318D}.Debug|x64.Build.0 = Debug|x64
		{3A479FDD-B95B-4416-AB35-451FBEB2318D}.Debug|x86.ActiveCfg = Debug|Win32
		{3A479FDD-B95B-4416-AB35-451FBEB2318D}.Debug|x86.Build.0 = Debug|Win32
		{3A479FDD-B95B-4416-AB35-451FBEB2318D}.Hybrid|Any CPU.ActiveCfg = Release|x64
		{3A479FDD-B95B-4416-AB35-451FBEB2318D}.Hybrid|Any CPU.Build.0 = Release|x64
		{3A479FDD-B95B-4416-AB35-451FBEB2318D}.Hybrid|x64.ActiveCfg = Release|x64
		{3A479FDD-B95B-4416-AB35-451FBEB2318D}.Hybrid|x64.Build.0 = Release|x64
		{3A479FDD-B95B-4416-AB35-451FBEB2318D}.Hybrid|x86.ActiveCfg = Release|Win32
		{3A479FDD-B95B-4416-AB35-451FBEB2318D}.Hybrid|x86.Build.0 = Release|Win32
		{3A479FDD-B95B-4416-AB35-451FBEB2318D}.Release|Any CPU.ActiveCfg = Release|Win32
		{3A479FDD-B95B-4416-AB35-451FBEB2318D}.Release|x64.ActiveCfg = Release|x64
		{3A479FDD-B95B-4416-AB35-451FBEB2318D}.Release|x64.Build.0 = Release|x64
		{3A479FDD-B95B-4416-AB35-451FBEB2318D}.Release|x86.ActiveCfg = Release|Win32
		{3A479FDD-B95B-4416-AB35-451FBEB2318D}.Release|x86.Build.0 = Release|Win32
		{5511660C-2767-4C82-98CC-74C6B4A11423}.Debug|Any CPU.ActiveCfg = Debug|Any CPU
		{5511660C-2767-4C82-98CC-74C6B4A11423}.Debug|Any CPU.Build.0 = Debug|Any CPU
		{5511660C-2767-4C82-98CC-74C6B4A11423}.Debug|x64.ActiveCfg = Debug|Any CPU
		{5511660C-2767-4C82-98CC-74C6B4A11423}.Debug|x64.Build.0 = Debug|Any CPU
		{5511660C-2767-4C82-98CC-74C6B4A11423}.Debug|x86.ActiveCfg = Debug|Any CPU
		{5511660C-2767-4C82-98CC-74C6B4A11423}.Debug|x86.Build.0 = Debug|Any CPU
		{5511660C-2767-4C82-98CC-74C6B4A11423}.Hybrid|Any CPU.ActiveCfg = Release|Any CPU
		{5511660C-2767-4C82-98CC-74C6B4A11423}.Hybrid|Any CPU.Build.0 = Release|Any CPU
		{5511660C-2767-4C82-98CC-74C6B4A11423}.Hybrid|x64.ActiveCfg = Release|Any CPU
		{5511660C-2767-4C82-98CC-74C6B4A11423}.Hybrid|x64.Build.0 = Release|Any CPU
		{5511660C-2767-4C82-98CC-74C6B4A11423}.Hybrid|x86.ActiveCfg = Release|Any CPU
		{5511660C-2767-4C82-98CC-74C6B4A11423}.Hybrid|x86.Build.0 = Release|Any CPU
		{5511660C-2767-4C82-98CC-74C6B4A11423}.Release|Any CPU.ActiveCfg = Release|Any CPU
		{5511660C-2767-4C82-98CC-74C6B4A11423}.Release|Any CPU.Build.0 = Release|Any CPU
		{5511660C-2767-4C82-98CC-74C6B4A11423}.Release|x64.ActiveCfg = Release|Any CPU
		{5511660C-2767-4C82-98CC-74C6B4A11423}.Release|x64.Build.0 = Release|Any CPU
		{5511660C-2767-4C82-98CC-74C6B4A11423}.Release|x86.ActiveCfg = Release|Any CPU
		{5511660C-2767-4C82-98CC-74C6B4A11423}.Release|x86.Build.0 = Release|Any CPU
		{AB7B6E43-EA59-4D50-910D-38DF5DE0027F}.Debug|Any CPU.ActiveCfg = Debug|Any CPU
		{AB7B6E43-EA59-4D50-910D-38DF5DE0027F}.Debug|Any CPU.Build.0 = Debug|Any CPU
		{AB7B6E43-EA59-4D50-910D-38DF5DE0027F}.Debug|x64.ActiveCfg = Debug|Any CPU
		{AB7B6E43-EA59-4D50-910D-38DF5DE0027F}.Debug|x64.Build.0 = Debug|Any CPU
		{AB7B6E43-EA59-4D50-910D-38DF5DE0027F}.Debug|x86.ActiveCfg = Debug|Any CPU
		{AB7B6E43-EA59-4D50-910D-38DF5DE0027F}.Debug|x86.Build.0 = Debug|Any CPU
		{AB7B6E43-EA59-4D50-910D-38DF5DE0027F}.Hybrid|Any CPU.ActiveCfg = Release|Any CPU
		{AB7B6E43-EA59-4D50-910D-38DF5DE0027F}.Hybrid|Any CPU.Build.0 = Release|Any CPU
		{AB7B6E43-EA59-4D50-910D-38DF5DE0027F}.Hybrid|x64.ActiveCfg = Release|Any CPU
		{AB7B6E43-EA59-4D50-910D-38DF5DE0027F}.Hybrid|x64.Build.0 = Release|Any CPU
		{AB7B6E43-EA59-4D50-910D-38DF5DE0027F}.Hybrid|x86.ActiveCfg = Release|Any CPU
		{AB7B6E43-EA59-4D50-910D-38DF5DE0027F}.Hybrid|x86.Build.0 = Release|Any CPU
		{AB7B6E43-EA59-4D50-910D-38DF5DE0027F}.Release|Any CPU.ActiveCfg = Release|Any CPU
		{AB7B6E43-EA59-4D50-910D-38DF5DE0027F}.Release|Any CPU.Build.0 = Release|Any CPU
		{AB7B6E43-EA59-4D50-910D-38DF5DE0027F}.Release|x64.ActiveCfg = Release|Any CPU
		{AB7B6E43-EA59-4D50-910D-38DF5DE0027F}.Release|x64.Build.0 = Release|Any CPU
		{AB7B6E43-EA59-4D50-910D-38DF5DE0027F}.Release|x86.ActiveCfg = Release|Any CPU
		{AB7B6E43-EA59-4D50-910D-38DF5DE0027F}.Release|x86.Build.0 = Release|Any CPU
		{A81116D2-ACAE-4289-B7CA-1A1E0CB212C0}.Debug|Any CPU.ActiveCfg = Debug|Win32
		{A81116D2-ACAE-4289-B7CA-1A1E0CB212C0}.Debug|x64.ActiveCfg = Debug|x64
		{A81116D2-ACAE-4289-B7CA-1A1E0CB212C0}.Debug|x64.Build.0 = Debug|x64
		{A81116D2-ACAE-4289-B7CA-1A1E0CB212C0}.Debug|x86.ActiveCfg = Debug|Win32
		{A81116D2-ACAE-4289-B7CA-1A1E0CB212C0}.Debug|x86.Build.0 = Debug|Win32
		{A81116D2-ACAE-4289-B7CA-1A1E0CB212C0}.Hybrid|Any CPU.ActiveCfg = Release|x64
		{A81116D2-ACAE-4289-B7CA-1A1E0CB212C0}.Hybrid|Any CPU.Build.0 = Release|x64
		{A81116D2-ACAE-4289-B7CA-1A1E0CB212C0}.Hybrid|x64.ActiveCfg = Release|x64
		{A81116D2-ACAE-4289-B7CA-1A1E0CB212C0}.Hybrid|x64.Build.0 = Release|x64
		{A81116D2-ACAE-4289-B7CA-1A1E0CB212C0}.Hybrid|x86.ActiveCfg = Release|Win32
		{A81116D2-ACAE-4289-B7CA-1A1E0CB212C0}.Hybrid|x86.Build.0 = Release|Win32
		{A81116D2-ACAE-4289-B7CA-1A1E0CB212C0}.Release|Any CPU.ActiveCfg = Release|Win32
		{A81116D2-ACAE-4289-B7CA-1A1E0CB212C0}.Release|x64.ActiveCfg = Release|x64
		{A81116D2-ACAE-4289-B7CA-1A1E0CB212C0}.Release|x64.Build.0 = Release|x64
		{A81116D2-ACAE-4289-B7CA-1A1E0CB212C0}.Release|x86.ActiveCfg = Release|Win32
		{A81116D2-ACAE-4289-B7CA-1A1E0CB212C0}.Release|x86.Build.0 = Release|Win32
	EndGlobalSection
	GlobalSection(SolutionProperties) = preSolution
		HideSolutionNode = FALSE
	EndGlobalSection
EndGlobal
