
Microsoft Visual Studio Solution File, Format Version 12.00
# Visual Studio 14
VisualStudioVersion = 14.0.25420.1
MinimumVisualStudioVersion = 10.0.40219.1
Project("{8BC9CEB8-8B4A-11D0-8D11-00A0C91BC942}") = "Service", "Service\Service.vcxproj", "{F0CB059E-CC44-49C0-9E93-FCBEF4E099D0}"
	ProjectSection(ProjectDependencies) = postProject
		{F06B7CFD-69B6-4FA3-A203-E33A0D8DE619} = {F06B7CFD-69B6-4FA3-A203-E33A0D8DE619}
	EndProjectSection
EndProject
Project("{8BC9CEB8-8B4A-11D0-8D11-00A0C91BC942}") = "FunctionPublishing", "..\y3d_max\newm\functionpublishing\simplefp\fp_basics.vcxproj", "{749F7777-A940-4B9E-9FD3-EA0C407950C7}"
EndProject
Project("{8BC9CEB8-8B4A-11D0-8D11-00A0C91BC942}") = "ServiceImpl", "ServiceImpl\ServiceImpl.vcxproj", "{F06B7CFD-69B6-4FA3-A203-E33A0D8DE619}"
EndProject
Project("{8BC9CEB8-8B4A-11D0-8D11-00A0C91BC942}") = "LoaderCmd", "LoaderCmd\LoaderCmd.vcxproj", "{50A337F0-1395-40AF-AD1A-8E94060DCD16}"
EndProject
Global
	GlobalSection(SolutionConfigurationPlatforms) = preSolution
		Debug|Any CPU = Debug|Any CPU
		Debug|x64 = Debug|x64
		Debug|x86 = Debug|x86
		Hybrid|Any CPU = Hybrid|Any CPU
		Hybrid|x64 = Hybrid|x64
		Hybrid|x86 = Hybrid|x86
		Release|Any CPU = Release|Any CPU
		Release|x64 = Release|x64
		Release|x86 = Release|x86
	EndGlobalSection
	GlobalSection(ProjectConfigurationPlatforms) = postSolution
		{F0CB059E-CC44-49C0-9E93-FCBEF4E099D0}.Debug|Any CPU.ActiveCfg = Debug|x64
		{F0CB059E-CC44-49C0-9E93-FCBEF4E099D0}.Debug|x64.ActiveCfg = Debug|x64
		{F0CB059E-CC44-49C0-9E93-FCBEF4E099D0}.Debug|x64.Build.0 = Debug|x64
		{F0CB059E-CC44-49C0-9E93-FCBEF4E099D0}.Debug|x86.ActiveCfg = Debug|x64
		{F0CB059E-CC44-49C0-9E93-FCBEF4E099D0}.Hybrid|Any CPU.ActiveCfg = Hybrid|x64
		{F0CB059E-CC44-49C0-9E93-FCBEF4E099D0}.Hybrid|x64.ActiveCfg = Hybrid|x64
		{F0CB059E-CC44-49C0-9E93-FCBEF4E099D0}.Hybrid|x64.Build.0 = Hybrid|x64
		{F0CB059E-CC44-49C0-9E93-FCBEF4E099D0}.Hybrid|x86.ActiveCfg = Hybrid|x64
		{F0CB059E-CC44-49C0-9E93-FCBEF4E099D0}.Release|Any CPU.ActiveCfg = Release|x64
		{F0CB059E-CC44-49C0-9E93-FCBEF4E099D0}.Release|x64.ActiveCfg = Release|x64
		{F0CB059E-CC44-49C0-9E93-FCBEF4E099D0}.Release|x64.Build.0 = Release|x64
		{F0CB059E-CC44-49C0-9E93-FCBEF4E099D0}.Release|x86.ActiveCfg = Release|x64
		{749F7777-A940-4B9E-9FD3-EA0C407950C7}.Debug|Any CPU.ActiveCfg = Debug|Win32
		{749F7777-A940-4B9E-9FD3-EA0C407950C7}.Debug|x64.ActiveCfg = Debug|x64
		{749F7777-A940-4B9E-9FD3-EA0C407950C7}.Debug|x64.Build.0 = Debug|x64
		{749F7777-A940-4B9E-9FD3-EA0C407950C7}.Debug|x86.ActiveCfg = Debug|Win32
		{749F7777-A940-4B9E-9FD3-EA0C407950C7}.Debug|x86.Build.0 = Debug|Win32
		{749F7777-A940-4B9E-9FD3-EA0C407950C7}.Hybrid|Any CPU.ActiveCfg = Hybrid|Win32
		{749F7777-A940-4B9E-9FD3-EA0C407950C7}.Hybrid|x64.ActiveCfg = Hybrid|x64
		{749F7777-A940-4B9E-9FD3-EA0C407950C7}.Hybrid|x64.Build.0 = Hybrid|x64
		{749F7777-A940-4B9E-9FD3-EA0C407950C7}.Hybrid|x86.ActiveCfg = Hybrid|Win32
		{749F7777-A940-4B9E-9FD3-EA0C407950C7}.Hybrid|x86.Build.0 = Hybrid|Win32
		{749F7777-A940-4B9E-9FD3-EA0C407950C7}.Release|Any CPU.ActiveCfg = Release|Win32
		{749F7777-A940-4B9E-9FD3-EA0C407950C7}.Release|x64.ActiveCfg = Release|x64
		{749F7777-A940-4B9E-9FD3-EA0C407950C7}.Release|x64.Build.0 = Release|x64
		{749F7777-A940-4B9E-9FD3-EA0C407950C7}.Release|x86.ActiveCfg = Release|Win32
		{749F7777-A940-4B9E-9FD3-EA0C407950C7}.Release|x86.Build.0 = Release|Win32
		{F06B7CFD-69B6-4FA3-A203-E33A0D8DE619}.Debug|Any CPU.ActiveCfg = Debug|x64
		{F06B7CFD-69B6-4FA3-A203-E33A0D8DE619}.Debug|x64.ActiveCfg = Debug|x64
		{F06B7CFD-69B6-4FA3-A203-E33A0D8DE619}.Debug|x64.Build.0 = Debug|x64
		{F06B7CFD-69B6-4FA3-A203-E33A0D8DE619}.Debug|x86.ActiveCfg = Debug|x64
		{F06B7CFD-69B6-4FA3-A203-E33A0D8DE619}.Hybrid|Any CPU.ActiveCfg = Hybrid|x64
		{F06B7CFD-69B6-4FA3-A203-E33A0D8DE619}.Hybrid|x64.ActiveCfg = Hybrid|x64
		{F06B7CFD-69B6-4FA3-A203-E33A0D8DE619}.Hybrid|x64.Build.0 = Hybrid|x64
		{F06B7CFD-69B6-4FA3-A203-E33A0D8DE619}.Hybrid|x86.ActiveCfg = Hybrid|x64
		{F06B7CFD-69B6-4FA3-A203-E33A0D8DE619}.Release|Any CPU.ActiveCfg = Release|x64
		{F06B7CFD-69B6-4FA3-A203-E33A0D8DE619}.Release|x64.ActiveCfg = Release|x64
		{F06B7CFD-69B6-4FA3-A203-E33A0D8DE619}.Release|x64.Build.0 = Release|x64
		{F06B7CFD-69B6-4FA3-A203-E33A0D8DE619}.Release|x86.ActiveCfg = Release|x64
		{50A337F0-1395-40AF-AD1A-8E94060DCD16}.Debug|Any CPU.ActiveCfg = Debug|Win32
		{50A337F0-1395-40AF-AD1A-8E94060DCD16}.Debug|x64.ActiveCfg = Debug|x64
		{50A337F0-1395-40AF-AD1A-8E94060DCD16}.Debug|x64.Build.0 = Debug|x64
		{50A337F0-1395-40AF-AD1A-8E94060DCD16}.Debug|x86.ActiveCfg = Debug|Win32
		{50A337F0-1395-40AF-AD1A-8E94060DCD16}.Debug|x86.Build.0 = Debug|Win32
		{50A337F0-1395-40AF-AD1A-8E94060DCD16}.Hybrid|Any CPU.ActiveCfg = Release|x64
		{50A337F0-1395-40AF-AD1A-8E94060DCD16}.Hybrid|Any CPU.Build.0 = Release|x64
		{50A337F0-1395-40AF-AD1A-8E94060DCD16}.Hybrid|x64.ActiveCfg = Release|x64
		{50A337F0-1395-40AF-AD1A-8E94060DCD16}.Hybrid|x64.Build.0 = Release|x64
		{50A337F0-1395-40AF-AD1A-8E94060DCD16}.Hybrid|x86.ActiveCfg = Release|Win32
		{50A337F0-1395-40AF-AD1A-8E94060DCD16}.Hybrid|x86.Build.0 = Release|Win32
		{50A337F0-1395-40AF-AD1A-8E94060DCD16}.Release|Any CPU.ActiveCfg = Release|Win32
		{50A337F0-1395-40AF-AD1A-8E94060DCD16}.Release|x64.ActiveCfg = Release|x64
		{50A337F0-1395-40AF-AD1A-8E94060DCD16}.Release|x64.Build.0 = Release|x64
		{50A337F0-1395-40AF-AD1A-8E94060DCD16}.Release|x86.ActiveCfg = Release|Win32
		{50A337F0-1395-40AF-AD1A-8E94060DCD16}.Release|x86.Build.0 = Release|Win32
	EndGlobalSection
	GlobalSection(SolutionProperties) = preSolution
		HideSolutionNode = FALSE
	EndGlobalSection
EndGlobal
