
Microsoft Visual Studio Solution File, Format Version 12.00
# Visual Studio 14
VisualStudioVersion = 14.0.25420.1
MinimumVisualStudioVersion = 10.0.40219.1
Project("{FAE04EC0-301F-11D3-BF4B-00C04F79EFBC}") = "y3d", "y3d\y3d.csproj", "{D42995B2-E7C8-4090-883C-B2598350B9AA}"
EndProject
Project("{FAE04EC0-301F-11D3-BF4B-00C04F79EFBC}") = "YMax", "YMax\YMax.csproj", "{25C8FAF8-7AED-49FD-A1A2-626BC8FE5629}"
EndProject
Project("{FAE04EC0-301F-11D3-BF4B-00C04F79EFBC}") = "YTest", "YTest\YTest.csproj", "{5875FA4B-2304-46F4-BB10-14171B9771AB}"
EndProject
Project("{8BC9CEB8-8B4A-11D0-8D11-00A0C91BC942}") = "ycpp", "ycpp\ycpp.vcxproj", "{6671F0BA-6FB8-4F35-8392-0676D05113A8}"
EndProject
Project("{8BC9CEB8-8B4A-11D0-8D11-00A0C91BC942}") = "Utils", "Utils\Utils.vcxproj", "{283AA4C8-A9F4-4E6E-8C7B-5C87A9271319}"
EndProject
Project("{8BC9CEB8-8B4A-11D0-8D11-00A0C91BC942}") = "Service", "Service\Service.vcxproj", "{F0CB059E-CC44-49C0-9E93-FCBEF4E099D0}"
EndProject
Global
	GlobalSection(SolutionConfigurationPlatforms) = preSolution
		Debug|Any CPU = Debug|Any CPU
		Debug|x64 = Debug|x64
		Debug|x86 = Debug|x86
		Hybrid|Any CPU = Hybrid|Any CPU
		Hybrid|x64 = Hybrid|x64
		Hybrid|x86 = Hybrid|x86
		Release|Any CPU = Release|Any CPU
		Release|x64 = Release|x64
		Release|x86 = Release|x86
	EndGlobalSection
	GlobalSection(ProjectConfigurationPlatforms) = postSolution
		{D42995B2-E7C8-4090-883C-B2598350B9AA}.Debug|Any CPU.ActiveCfg = Debug|Any CPU
		{D42995B2-E7C8-4090-883C-B2598350B9AA}.Debug|Any CPU.Build.0 = Debug|Any CPU
		{D42995B2-E7C8-4090-883C-B2598350B9AA}.Debug|x64.ActiveCfg = Debug|Any CPU
		{D42995B2-E7C8-4090-883C-B2598350B9AA}.Debug|x64.Build.0 = Debug|Any CPU
		{D42995B2-E7C8-4090-883C-B2598350B9AA}.Debug|x86.ActiveCfg = Debug|x86
		{D42995B2-E7C8-4090-883C-B2598350B9AA}.Debug|x86.Build.0 = Debug|x86
		{D42995B2-E7C8-4090-883C-B2598350B9AA}.Hybrid|Any CPU.ActiveCfg = Release|Any CPU
		{D42995B2-E7C8-4090-883C-B2598350B9AA}.Hybrid|Any CPU.Build.0 = Release|Any CPU
		{D42995B2-E7C8-4090-883C-B2598350B9AA}.Hybrid|x64.ActiveCfg = Release|Any CPU
		{D42995B2-E7C8-4090-883C-B2598350B9AA}.Hybrid|x64.Build.0 = Release|Any CPU
		{D42995B2-E7C8-4090-883C-B2598350B9AA}.Hybrid|x86.ActiveCfg = Release|x86
		{D42995B2-E7C8-4090-883C-B2598350B9AA}.Hybrid|x86.Build.0 = Release|x86
		{D42995B2-E7C8-4090-883C-B2598350B9AA}.Release|Any CPU.ActiveCfg = Release|Any CPU
		{D42995B2-E7C8-4090-883C-B2598350B9AA}.Release|Any CPU.Build.0 = Release|Any CPU
		{D42995B2-E7C8-4090-883C-B2598350B9AA}.Release|x64.ActiveCfg = Release|Any CPU
		{D42995B2-E7C8-4090-883C-B2598350B9AA}.Release|x64.Build.0 = Release|Any CPU
		{D42995B2-E7C8-4090-883C-B2598350B9AA}.Release|x86.ActiveCfg = Release|x86
		{D42995B2-E7C8-4090-883C-B2598350B9AA}.Release|x86.Build.0 = Release|x86
		{25C8FAF8-7AED-49FD-A1A2-626BC8FE5629}.Debug|Any CPU.ActiveCfg = Debug|Any CPU
		{25C8FAF8-7AED-49FD-A1A2-626BC8FE5629}.Debug|Any CPU.Build.0 = Debug|Any CPU
		{25C8FAF8-7AED-49FD-A1A2-626BC8FE5629}.Debug|x64.ActiveCfg = Debug|Any CPU
		{25C8FAF8-7AED-49FD-A1A2-626BC8FE5629}.Debug|x64.Build.0 = Debug|Any CPU
		{25C8FAF8-7AED-49FD-A1A2-626BC8FE5629}.Debug|x86.ActiveCfg = Debug|x86
		{25C8FAF8-7AED-49FD-A1A2-626BC8FE5629}.Debug|x86.Build.0 = Debug|x86
		{25C8FAF8-7AED-49FD-A1A2-626BC8FE5629}.Hybrid|Any CPU.ActiveCfg = Release|Any CPU
		{25C8FAF8-7AED-49FD-A1A2-626BC8FE5629}.Hybrid|Any CPU.Build.0 = Release|Any CPU
		{25C8FAF8-7AED-49FD-A1A2-626BC8FE5629}.Hybrid|x64.ActiveCfg = Release|Any CPU
		{25C8FAF8-7AED-49FD-A1A2-626BC8FE5629}.Hybrid|x64.Build.0 = Release|Any CPU
		{25C8FAF8-7AED-49FD-A1A2-626BC8FE5629}.Hybrid|x86.ActiveCfg = Release|x86
		{25C8FAF8-7AED-49FD-A1A2-626BC8FE5629}.Hybrid|x86.Build.0 = Release|x86
		{25C8FAF8-7AED-49FD-A1A2-626BC8FE5629}.Release|Any CPU.ActiveCfg = Release|Any CPU
		{25C8FAF8-7AED-49FD-A1A2-626BC8FE5629}.Release|Any CPU.Build.0 = Release|Any CPU
		{25C8FAF8-7AED-49FD-A1A2-626BC8FE5629}.Release|x64.ActiveCfg = Release|x64
		{25C8FAF8-7AED-49FD-A1A2-626BC8FE5629}.Release|x64.Build.0 = Release|x64
		{25C8FAF8-7AED-49FD-A1A2-626BC8FE5629}.Release|x86.ActiveCfg = Release|x86
		{25C8FAF8-7AED-49FD-A1A2-626BC8FE5629}.Release|x86.Build.0 = Release|x86
		{5875FA4B-2304-46F4-BB10-14171B9771AB}.Debug|Any CPU.ActiveCfg = Debug|Any CPU
		{5875FA4B-2304-46F4-BB10-14171B9771AB}.Debug|Any CPU.Build.0 = Debug|Any CPU
		{5875FA4B-2304-46F4-BB10-14171B9771AB}.Debug|x64.ActiveCfg = Debug|Any CPU
		{5875FA4B-2304-46F4-BB10-14171B9771AB}.Debug|x64.Build.0 = Debug|Any CPU
		{5875FA4B-2304-46F4-BB10-14171B9771AB}.Debug|x86.ActiveCfg = Debug|x86
		{5875FA4B-2304-46F4-BB10-14171B9771AB}.Debug|x86.Build.0 = Debug|x86
		{5875FA4B-2304-46F4-BB10-14171B9771AB}.Hybrid|Any CPU.ActiveCfg = Release|Any CPU
		{5875FA4B-2304-46F4-BB10-14171B9771AB}.Hybrid|Any CPU.Build.0 = Release|Any CPU
		{5875FA4B-2304-46F4-BB10-14171B9771AB}.Hybrid|x64.ActiveCfg = Release|Any CPU
		{5875FA4B-2304-46F4-BB10-14171B9771AB}.Hybrid|x64.Build.0 = Release|Any CPU
		{5875FA4B-2304-46F4-BB10-14171B9771AB}.Hybrid|x86.ActiveCfg = Release|x86
		{5875FA4B-2304-46F4-BB10-14171B9771AB}.Hybrid|x86.Build.0 = Release|x86
		{5875FA4B-2304-46F4-BB10-14171B9771AB}.Release|Any CPU.ActiveCfg = Release|Any CPU
		{5875FA4B-2304-46F4-BB10-14171B9771AB}.Release|Any CPU.Build.0 = Release|Any CPU
		{5875FA4B-2304-46F4-BB10-14171B9771AB}.Release|x64.ActiveCfg = Release|Any CPU
		{5875FA4B-2304-46F4-BB10-14171B9771AB}.Release|x64.Build.0 = Release|Any CPU
		{5875FA4B-2304-46F4-BB10-14171B9771AB}.Release|x86.ActiveCfg = Release|x86
		{5875FA4B-2304-46F4-BB10-14171B9771AB}.Release|x86.Build.0 = Release|x86
		{6671F0BA-6FB8-4F35-8392-0676D05113A8}.Debug|Any CPU.ActiveCfg = Debug|x64
		{6671F0BA-6FB8-4F35-8392-0676D05113A8}.Debug|x64.ActiveCfg = Debug|x64
		{6671F0BA-6FB8-4F35-8392-0676D05113A8}.Debug|x64.Build.0 = Debug|x64
		{6671F0BA-6FB8-4F35-8392-0676D05113A8}.Debug|x86.ActiveCfg = Debug|x64
		{6671F0BA-6FB8-4F35-8392-0676D05113A8}.Hybrid|Any CPU.ActiveCfg = Hybrid|x64
		{6671F0BA-6FB8-4F35-8392-0676D05113A8}.Hybrid|x64.ActiveCfg = Hybrid|x64
		{6671F0BA-6FB8-4F35-8392-0676D05113A8}.Hybrid|x64.Build.0 = Hybrid|x64
		{6671F0BA-6FB8-4F35-8392-0676D05113A8}.Hybrid|x86.ActiveCfg = Hybrid|x64
		{6671F0BA-6FB8-4F35-8392-0676D05113A8}.Release|Any CPU.ActiveCfg = Release|x64
		{6671F0BA-6FB8-4F35-8392-0676D05113A8}.Release|x64.ActiveCfg = Release|x64
		{6671F0BA-6FB8-4F35-8392-0676D05113A8}.Release|x64.Build.0 = Release|x64
		{6671F0BA-6FB8-4F35-8392-0676D05113A8}.Release|x86.ActiveCfg = Release|x64
		{283AA4C8-A9F4-4E6E-8C7B-5C87A9271319}.Debug|Any CPU.ActiveCfg = Debug|Win32
		{283AA4C8-A9F4-4E6E-8C7B-5C87A9271319}.Debug|x64.ActiveCfg = Debug|x64
		{283AA4C8-A9F4-4E6E-8C7B-5C87A9271319}.Debug|x64.Build.0 = Debug|x64
		{283AA4C8-A9F4-4E6E-8C7B-5C87A9271319}.Debug|x86.ActiveCfg = Debug|Win32
		{283AA4C8-A9F4-4E6E-8C7B-5C87A9271319}.Debug|x86.Build.0 = Debug|Win32
		{283AA4C8-A9F4-4E6E-8C7B-5C87A9271319}.Hybrid|Any CPU.ActiveCfg = Release|x64
		{283AA4C8-A9F4-4E6E-8C7B-5C87A9271319}.Hybrid|Any CPU.Build.0 = Release|x64
		{283AA4C8-A9F4-4E6E-8C7B-5C87A9271319}.Hybrid|x64.ActiveCfg = Release|x64
		{283AA4C8-A9F4-4E6E-8C7B-5C87A9271319}.Hybrid|x64.Build.0 = Release|x64
		{283AA4C8-A9F4-4E6E-8C7B-5C87A9271319}.Hybrid|x86.ActiveCfg = Release|Win32
		{283AA4C8-A9F4-4E6E-8C7B-5C87A9271319}.Hybrid|x86.Build.0 = Release|Win32
		{283AA4C8-A9F4-4E6E-8C7B-5C87A9271319}.Release|Any CPU.ActiveCfg = Release|Win32
		{283AA4C8-A9F4-4E6E-8C7B-5C87A9271319}.Release|x64.ActiveCfg = Release|x64
		{283AA4C8-A9F4-4E6E-8C7B-5C87A9271319}.Release|x64.Build.0 = Release|x64
		{283AA4C8-A9F4-4E6E-8C7B-5C87A9271319}.Release|x86.ActiveCfg = Release|Win32
		{283AA4C8-A9F4-4E6E-8C7B-5C87A9271319}.Release|x86.Build.0 = Release|Win32
		{F0CB059E-CC44-49C0-9E93-FCBEF4E099D0}.Debug|Any CPU.ActiveCfg = Debug|x64
		{F0CB059E-CC44-49C0-9E93-FCBEF4E099D0}.Debug|x64.ActiveCfg = Debug|x64
		{F0CB059E-CC44-49C0-9E93-FCBEF4E099D0}.Debug|x64.Build.0 = Debug|x64
		{F0CB059E-CC44-49C0-9E93-FCBEF4E099D0}.Debug|x86.ActiveCfg = Debug|x64
		{F0CB059E-CC44-49C0-9E93-FCBEF4E099D0}.Hybrid|Any CPU.ActiveCfg = Hybrid|x64
		{F0CB059E-CC44-49C0-9E93-FCBEF4E099D0}.Hybrid|x64.ActiveCfg = Hybrid|x64
		{F0CB059E-CC44-49C0-9E93-FCBEF4E099D0}.Hybrid|x64.Build.0 = Hybrid|x64
		{F0CB059E-CC44-49C0-9E93-FCBEF4E099D0}.Hybrid|x86.ActiveCfg = Hybrid|x64
		{F0CB059E-CC44-49C0-9E93-FCBEF4E099D0}.Release|Any CPU.ActiveCfg = Release|x64
		{F0CB059E-CC44-49C0-9E93-FCBEF4E099D0}.Release|x64.ActiveCfg = Release|x64
		{F0CB059E-CC44-49C0-9E93-FCBEF4E099D0}.Release|x64.Build.0 = Release|x64
		{F0CB059E-CC44-49C0-9E93-FCBEF4E099D0}.Release|x86.ActiveCfg = Release|x64
	EndGlobalSection
	GlobalSection(SolutionProperties) = preSolution
		HideSolutionNode = FALSE
	EndGlobalSection
EndGlobal
