<?xml version="1.0" encoding="utf-8"?>
<Project ToolsVersion="4.0" xmlns="http://schemas.microsoft.com/developer/msbuild/2003">
  <ItemGroup>
    <Filter Include="Source Files">
      <UniqueIdentifier>{4FC737F1-C7A5-4376-A066-2A32D752A2FF}</UniqueIdentifier>
      <Extensions>cpp;c;cc;cxx;def;odl;idl;hpj;bat;asm;asmx</Extensions>
    </Filter>
    <Filter Include="Header Files">
      <UniqueIdentifier>{93995380-89BD-4b04-88EB-625FBE52EBFB}</UniqueIdentifier>
      <Extensions>h;hh;hpp;hxx;hm;inl;inc;xsd</Extensions>
    </Filter>
    <Filter Include="Resource Files">
      <UniqueIdentifier>{67DA6AB6-F800-4c08-8B7A-83BB121AAD01}</UniqueIdentifier>
      <Extensions>rc;ico;cur;bmp;dlg;rc2;rct;bin;rgs;gif;jpg;jpeg;jpe;resx;tiff;tif;png;wav;mfcribbon-ms</Extensions>
    </Filter>
  </ItemGroup>
  <ItemGroup>
    <Text Include="ReadMe.txt" />
  </ItemGroup>
  <ItemGroup>
    <ClInclude Include="stdafx.h">
      <Filter>Header Files</Filter>
    </ClInclude>
    <ClInclude Include="targetver.h">
      <Filter>Header Files</Filter>
    </ClInclude>
    <ClInclude Include="..\include\map.h">
      <Filter>Header Files</Filter>
    </ClInclude>
    <ClInclude Include="..\include\prettyprint.hpp">
      <Filter>Header Files</Filter>
    </ClInclude>
  </ItemGroup>
  <ItemGroup>
    <ClCompile Include="stdafx.cpp">
      <Filter>Source Files</Filter>
    </ClCompile>
    <ClCompile Include="dllmain.cpp">
      <Filter>Source Files</Filter>
    </ClCompile>
    <ClCompile Include="..\LoaderCmd\LogClient.cpp">
      <Filter>Source Files</Filter>
    </ClCompile>
    <ClCompile Include="..\Service\grpc\src\cpp\client\channel_cc.cc">
      <Filter>Source Files</Filter>
    </ClCompile>
    <ClCompile Include="..\Service\grpc\src\cpp\client\create_channel.cc">
      <Filter>Source Files</Filter>
    </ClCompile>
    <ClCompile Include="..\Service\grpc\src\cpp\client\client_context.cc">
      <Filter>Source Files</Filter>
    </ClCompile>
    <ClCompile Include="..\Service\grpc\src\cpp\common\completion_queue_cc.cc">
      <Filter>Source Files</Filter>
    </ClCompile>
    <ClCompile Include="..\Service\grpc\src\cpp\common\core_codegen.cc">
      <Filter>Source Files</Filter>
    </ClCompile>
    <ClCompile Include="..\Service\grpc\src\cpp\client\create_channel_internal.cc">
      <Filter>Source Files</Filter>
    </ClCompile>
    <ClCompile Include="..\Service\grpc\src\cpp\client\credentials_cc.cc">
      <Filter>Source Files</Filter>
    </ClCompile>
    <ClCompile Include="..\Service\grpc\src\cpp\client\insecure_credentials.cc">
      <Filter>Source Files</Filter>
    </ClCompile>
    <ClCompile Include="..\Service\grpc\src\cpp\util\status.cc">
      <Filter>Source Files</Filter>
    </ClCompile>
    <ClCompile Include="..\Service\grpc\src\cpp\common\version_cc.cc">
      <Filter>Source Files</Filter>
    </ClCompile>
    <ClCompile Include="..\Service\grpc\src\cpp\common\channel_arguments.cc">
      <Filter>Source Files</Filter>
    </ClCompile>
    <ClCompile Include="..\Service\grpc\src\core\lib\iomgr\closure.c">
      <Filter>Source Files</Filter>
    </ClCompile>
    <ClCompile Include="..\Service\grpc\src\core\lib\iomgr\combiner.c">
      <Filter>Source Files</Filter>
    </ClCompile>
    <ClCompile Include="..\Service\grpc\src\core\lib\iomgr\error.c">
      <Filter>Source Files</Filter>
    </ClCompile>
    <ClCompile Include="..\Service\grpc\src\core\lib\iomgr\exec_ctx.c">
      <Filter>Source Files</Filter>
    </ClCompile>
    <ClCompile Include="..\Service\grpc\src\core\lib\iomgr\socket_mutator.c">
      <Filter>Source Files</Filter>
    </ClCompile>
    <ClCompile Include="..\Service\grpc\src\core\lib\iomgr\workqueue_uv.c">
      <Filter>Source Files</Filter>
    </ClCompile>
    <ClCompile Include="..\Service\grpc\src\core\lib\iomgr\workqueue_windows.c">
      <Filter>Source Files</Filter>
    </ClCompile>
    <ClCompile Include="..\ServiceImpl\ylogservice.grpc.pb.cc">
      <Filter>Source Files</Filter>
    </ClCompile>
    <ClCompile Include="..\ServiceImpl\ylogservice.pb.cc">
      <Filter>Source Files</Filter>
    </ClCompile>
  </ItemGroup>
  <ItemGroup>
    <None Include="packages.config" />
  </ItemGroup>
</Project>