<?xml version="1.0" encoding="utf-8"?>
<Project ToolsVersion="4.0" xmlns="http://schemas.microsoft.com/developer/msbuild/2003">
  <ItemGroup>
    <Filter Include="Source Files">
      <UniqueIdentifier>{fbad0f2d-faaa-4b0b-865c-583fac8ddcb1}</UniqueIdentifier>
      <Extensions>cpp;c;cxx;rc;def;r;odl;idl;hpj;bat</Extensions>
    </Filter>
    <Filter Include="Header Files">
      <UniqueIdentifier>{92f20462-242f-4a0c-883e-b3c33819b84b}</UniqueIdentifier>
      <Extensions>h;hpp;hxx;hm;inl</Extensions>
    </Filter>
    <Filter Include="Resource Files">
      <UniqueIdentifier>{ad6e765e-4300-41dc-b185-05b019286785}</UniqueIdentifier>
      <Extensions>ico;cur;bmp;dlg;rc2;rct;bin;rgs;gif;jpg;jpeg;jpe</Extensions>
    </Filter>
  </ItemGroup>
  <ItemGroup>
    <ClCompile Include="xml_format.cc" />
    <ClCompile Include="xnormal.pb.cc" />
    <ClCompile Include="y3d.pb.cc" />
    <ClCompile Include="yservice.grpc.pb.cc" />
    <ClCompile Include="yservice.pb.cc" />
    <ClCompile Include="ysetting.pb.cc" />
    <ClCompile Include="ymax.grpc.pb.cc" />
    <ClCompile Include="ymax.pb.cc" />
    <ClCompile Include="pugixml.cpp">
      <Filter>Source Files</Filter>
    </ClCompile>
    <ClCompile Include="DllEntry.cpp">
      <Filter>Source Files</Filter>
    </ClCompile>
    <ClCompile Include="YCServer.cpp">
      <Filter>Source Files</Filter>
    </ClCompile>
    <ClCompile Include="..\third_party\grpc\src\cpp\util\status.cc" />
    <ClCompile Include="YProjectUtils.cpp">
      <Filter>Source Files</Filter>
    </ClCompile>
    <ClCompile Include="ymat.pb.cc" />
    <ClCompile Include="YCTestServer.cpp">
      <Filter>Source Files</Filter>
    </ClCompile>
    <ClCompile Include="..\third_party\grpc\src\cpp\client\client_context.cc" />
    <ClCompile Include="..\third_party\grpc\src\cpp\client\create_channel.cc" />
    <ClCompile Include="..\third_party\grpc\src\cpp\client\insecure_credentials.cc" />
    <ClCompile Include="..\third_party\grpc\src\cpp\client\create_channel_internal.cc" />
    <ClCompile Include="..\third_party\grpc\src\cpp\client\credentials_cc.cc" />
    <ClCompile Include="..\third_party\grpc\src\cpp\client\channel_cc.cc" />
    <ClCompile Include="..\third_party\grpc\src\cpp\common\channel_arguments.cc" />
    <ClCompile Include="..\third_party\grpc\src\cpp\common\completion_queue_cc.cc" />
    <ClCompile Include="..\third_party\grpc\src\cpp\common\core_codegen.cc" />
    <ClCompile Include="..\third_party\grpc\src\core\lib\iomgr\socket_mutator.c">
      <Filter>Source Files</Filter>
    </ClCompile>
    <ClCompile Include="..\third_party\grpc\src\core\lib\iomgr\exec_ctx.c">
      <Filter>Source Files</Filter>
    </ClCompile>
    <ClCompile Include="..\third_party\grpc\src\core\lib\iomgr\error.c">
      <Filter>Source Files</Filter>
    </ClCompile>
    <ClCompile Include="..\third_party\grpc\src\core\lib\iomgr\closure.c">
      <Filter>Source Files</Filter>
    </ClCompile>
    <ClCompile Include="..\third_party\grpc\src\core\lib\iomgr\combiner.c">
      <Filter>Source Files</Filter>
    </ClCompile>
    <ClCompile Include="..\third_party\grpc\src\core\lib\iomgr\workqueue_uv.c">
      <Filter>Source Files</Filter>
    </ClCompile>
    <ClCompile Include="..\third_party\grpc\src\core\lib\iomgr\workqueue_windows.c">
      <Filter>Source Files</Filter>
    </ClCompile>
    <ClCompile Include="..\third_party\grpc\src\cpp\common\version_cc.cc" />
    <ClCompile Include="ymaxcoreinterface.pb.cc" />
    <ClCompile Include="..\third_party\grpc\src\core\lib\support\mpscq.c">
      <Filter>Source Files</Filter>
    </ClCompile>
    <ClCompile Include="..\third_party\grpc\src\core\lib\support\time.c">
      <Filter>Source Files</Filter>
    </ClCompile>
    <ClCompile Include="..\third_party\grpc\src\core\lib\support\time_posix.c">
      <Filter>Source Files</Filter>
    </ClCompile>
    <ClCompile Include="..\third_party\grpc\src\core\lib\support\time_precise.c">
      <Filter>Source Files</Filter>
    </ClCompile>
    <ClCompile Include="..\third_party\grpc\src\core\lib\support\time_windows.c">
      <Filter>Source Files</Filter>
    </ClCompile>
    <ClCompile Include="..\third_party\grpc\src\cpp\util\time_cc.cc" />
    <ClCompile Include="..\third_party\grpc\src\core\lib\slice\slice.c">
      <Filter>Source Files</Filter>
    </ClCompile>
    <ClCompile Include="..\third_party\grpc\src\core\lib\slice\slice_buffer.c">
      <Filter>Source Files</Filter>
    </ClCompile>
  </ItemGroup>
  <ItemGroup>
    <ClInclude Include="resource.h">
      <Filter>Header Files</Filter>
    </ClInclude>
    <ClInclude Include="..\include\YCServer.h">
      <Filter>Header Files</Filter>
    </ClInclude>
    <ClInclude Include="..\include\YLibs.h">
      <Filter>Header Files</Filter>
    </ClInclude>
    <ClInclude Include="..\include\YCTestServer.h">
      <Filter>Header Files</Filter>
    </ClInclude>
    <ClInclude Include="..\include\move_lambda.h">
      <Filter>Header Files</Filter>
    </ClInclude>
  </ItemGroup>
  <ItemGroup>
    <ResourceCompile Include="ServiceImpl.rc">
      <Filter>Resource Files</Filter>
    </ResourceCompile>
  </ItemGroup>
  <ItemGroup>
    <None Include="packages.config" />
  </ItemGroup>
</Project>