<?xml version="1.0" encoding="utf-8"?>
<Project ToolsVersion="4.0" xmlns="http://schemas.microsoft.com/developer/msbuild/2003">
  <ItemGroup>
    <Filter Include="Source Files">
      <UniqueIdentifier>{fbad0f2d-faaa-4b0b-865c-583fac8ddcb1}</UniqueIdentifier>
      <Extensions>cpp;c;cxx;rc;def;r;odl;idl;hpj;bat</Extensions>
    </Filter>
    <Filter Include="Header Files">
      <UniqueIdentifier>{92f20462-242f-4a0c-883e-b3c33819b84b}</UniqueIdentifier>
      <Extensions>h;hpp;hxx;hm;inl</Extensions>
    </Filter>
    <Filter Include="Resource Files">
      <UniqueIdentifier>{ad6e765e-4300-41dc-b185-05b019286785}</UniqueIdentifier>
      <Extensions>ico;cur;bmp;dlg;rc2;rct;bin;rgs;gif;jpg;jpeg;jpe</Extensions>
    </Filter>
    <Filter Include="proto">
      <UniqueIdentifier>{c3c32669-fa90-4073-a607-4987eb029e83}</UniqueIdentifier>
    </Filter>
    <Filter Include="grpc++">
      <UniqueIdentifier>{cd0aeb83-703c-4f0b-be16-7c9052b6245f}</UniqueIdentifier>
    </Filter>
    <Filter Include="grpc++\src">
      <UniqueIdentifier>{339db2e0-af4a-440f-a855-100a0d99757f}</UniqueIdentifier>
    </Filter>
  </ItemGroup>
  <ItemGroup>
    <ClCompile Include="pugixml.cpp">
      <Filter>Source Files</Filter>
    </ClCompile>
    <ClCompile Include="DllEntry.cpp">
      <Filter>Source Files</Filter>
    </ClCompile>
    <ClCompile Include="YCServer.cpp">
      <Filter>Source Files</Filter>
    </ClCompile>
    <ClCompile Include="YProjectUtils.cpp">
      <Filter>Source Files</Filter>
    </ClCompile>
    <ClCompile Include="YCTestServer.cpp">
      <Filter>Source Files</Filter>
    </ClCompile>
    <ClCompile Include="xnormal.pb.cc">
      <Filter>proto</Filter>
    </ClCompile>
    <ClCompile Include="y3d.pb.cc">
      <Filter>proto</Filter>
    </ClCompile>
    <ClCompile Include="ymat.pb.cc">
      <Filter>proto</Filter>
    </ClCompile>
    <ClCompile Include="ymax.grpc.pb.cc">
      <Filter>proto</Filter>
    </ClCompile>
    <ClCompile Include="ymax.pb.cc">
      <Filter>proto</Filter>
    </ClCompile>
    <ClCompile Include="ymaxcoreinterface.pb.cc">
      <Filter>proto</Filter>
    </ClCompile>
    <ClCompile Include="yservice.grpc.pb.cc">
      <Filter>proto</Filter>
    </ClCompile>
    <ClCompile Include="yservice.pb.cc">
      <Filter>proto</Filter>
    </ClCompile>
    <ClCompile Include="ysetting.pb.cc">
      <Filter>proto</Filter>
    </ClCompile>
    <ClCompile Include="..\third_party\grpc\src\cpp\common\channel_arguments.cc">
      <Filter>grpc++\src</Filter>
    </ClCompile>
    <ClCompile Include="..\third_party\grpc\src\cpp\client\channel_cc.cc">
      <Filter>grpc++\src</Filter>
    </ClCompile>
    <ClCompile Include="..\third_party\grpc\src\cpp\common\channel_filter.cc">
      <Filter>grpc++\src</Filter>
    </ClCompile>
    <ClCompile Include="..\third_party\grpc\src\cpp\client\client_context.cc">
      <Filter>grpc++\src</Filter>
    </ClCompile>
    <ClCompile Include="..\third_party\grpc\src\cpp\common\completion_queue_cc.cc">
      <Filter>grpc++\src</Filter>
    </ClCompile>
    <ClCompile Include="..\third_party\grpc\src\cpp\common\core_codegen.cc">
      <Filter>grpc++\src</Filter>
    </ClCompile>
    <ClCompile Include="..\third_party\grpc\src\cpp\client\create_channel.cc">
      <Filter>grpc++\src</Filter>
    </ClCompile>
    <ClCompile Include="..\third_party\grpc\src\cpp\client\create_channel_internal.cc">
      <Filter>grpc++\src</Filter>
    </ClCompile>
    <ClCompile Include="..\third_party\grpc\src\cpp\client\credentials_cc.cc">
      <Filter>grpc++\src</Filter>
    </ClCompile>
    <ClCompile Include="..\third_party\grpc\src\cpp\client\insecure_credentials.cc">
      <Filter>grpc++\src</Filter>
    </ClCompile>
    <ClCompile Include="..\third_party\grpc\src\cpp\util\status.cc">
      <Filter>grpc++\src</Filter>
    </ClCompile>
    <ClCompile Include="..\third_party\grpc\src\cpp\util\time_cc.cc">
      <Filter>grpc++\src</Filter>
    </ClCompile>
    <ClCompile Include="..\third_party\grpc\src\cpp\common\version_cc.cc">
      <Filter>grpc++\src</Filter>
    </ClCompile>
    <ClCompile Include="xml_format.cc">
      <Filter>Source Files</Filter>
    </ClCompile>
  </ItemGroup>
  <ItemGroup>
    <ClInclude Include="resource.h">
      <Filter>Header Files</Filter>
    </ClInclude>
    <ClInclude Include="..\include\YCServer.h">
      <Filter>Header Files</Filter>
    </ClInclude>
    <ClInclude Include="..\include\YLibs.h">
      <Filter>Header Files</Filter>
    </ClInclude>
    <ClInclude Include="..\include\YCTestServer.h">
      <Filter>Header Files</Filter>
    </ClInclude>
    <ClInclude Include="..\include\move_lambda.h">
      <Filter>Header Files</Filter>
    </ClInclude>
  </ItemGroup>
  <ItemGroup>
    <ResourceCompile Include="ServiceImpl.rc">
      <Filter>Resource Files</Filter>
    </ResourceCompile>
  </ItemGroup>
  <ItemGroup>
    <None Include="packages.config" />
  </ItemGroup>
</Project>